
Microsoft Visual Studio Solution File, Format Version 12.00
# Visual Studio 15
VisualStudioVersion = 15.0.26403.3
MinimumVisualStudioVersion = 10.0.40219.1
Project("{D954291E-2A0B-460D-934E-DC6B0785DB48}") = "Data", "Data\Data.shproj", "{8529E995-D43A-40D3-BD6A-6C7E596274F0}"
EndProject
Project("{FAE04EC0-301F-11D3-BF4B-00C04F79EFBC}") = "Roleplay", "Roleplay\Roleplay.csproj", "{1566D1C0-7DF0-4637-886E-AF2E8799B5A6}"
EndProject
Global
	GlobalSection(SharedMSBuildProjectFiles) = preSolution
		Data\Data.projitems*{1566d1c0-7df0-4637-886e-af2e8799b5a6}*SharedItemsImports = 4
		Data\Data.projitems*{8529e995-d43a-40d3-bd6a-6c7e596274f0}*SharedItemsImports = 13
	EndGlobalSection
	GlobalSection(SolutionConfigurationPlatforms) = preSolution
		Debug|Any CPU = Debug|Any CPU
		Release|Any CPU = Release|Any CPU
	EndGlobalSection
	GlobalSection(ProjectConfigurationPlatforms) = postSolution
		{1566D1C0-7DF0-4637-886E-AF2E8799B5A6}.Debug|Any CPU.ActiveCfg = Debug|Any CPU
		{1566D1C0-7DF0-4637-886E-AF2E8799B5A6}.Debug|Any CPU.Build.0 = Debug|Any CPU
		{1566D1C0-7DF0-4637-886E-AF2E8799B5A6}.Release|Any CPU.ActiveCfg = Release|Any CPU
		{1566D1C0-7DF0-4637-886E-AF2E8799B5A6}.Release|Any CPU.Build.0 = Release|Any CPU
	EndGlobalSection
	GlobalSection(SolutionProperties) = preSolution
		HideSolutionNode = FALSE
	EndGlobalSection
EndGlobal
